
Microsoft Visual Studio Solution File, Format Version 12.00
# Visual Studio 2017
Project("{FAE04EC0-301F-11D3-BF4B-00C04F79EFBC}") = "Black Valentine v4.1.1 12 3 9 54 pm", "Black Valentine v4.1.1 12 3 9 54 pm.csproj", "{85879CE4-188A-AE8C-8747-5E20F0735C22}"
EndProject
Global
	GlobalSection(SolutionConfigurationPlatforms) = preSolution
		Debug|Any CPU = Debug|Any CPU
		Release|Any CPU = Release|Any CPU
	EndGlobalSection
	GlobalSection(ProjectConfigurationPlatforms) = postSolution
		{85879CE4-188A-AE8C-8747-5E20F0735C22}.Debug|Any CPU.ActiveCfg = Debug|Any CPU
		{85879CE4-188A-AE8C-8747-5E20F0735C22}.Debug|Any CPU.Build.0 = Debug|Any CPU
		{85879CE4-188A-AE8C-8747-5E20F0735C22}.Release|Any CPU.ActiveCfg = Release|Any CPU
		{85879CE4-188A-AE8C-8747-5E20F0735C22}.Release|Any CPU.Build.0 = Release|Any CPU
	EndGlobalSection
	GlobalSection(SolutionProperties) = preSolution
		HideSolutionNode = FALSE
	EndGlobalSection
EndGlobal
