
Microsoft Visual Studio Solution File, Format Version 12.00
# Visual Studio 2017
Project("{FAE04EC0-301F-11D3-BF4B-00C04F79EFBC}") = "Black Valentine v1 12 1 11 21 AM", "Black Valentine v1 12 1 11 21 AM.csproj", "{D7862C0A-C1F3-C3D8-B6C7-758C430D738A}"
EndProject
Global
	GlobalSection(SolutionConfigurationPlatforms) = preSolution
		Debug|Any CPU = Debug|Any CPU
		Release|Any CPU = Release|Any CPU
	EndGlobalSection
	GlobalSection(ProjectConfigurationPlatforms) = postSolution
		{D7862C0A-C1F3-C3D8-B6C7-758C430D738A}.Debug|Any CPU.ActiveCfg = Debug|Any CPU
		{D7862C0A-C1F3-C3D8-B6C7-758C430D738A}.Debug|Any CPU.Build.0 = Debug|Any CPU
		{D7862C0A-C1F3-C3D8-B6C7-758C430D738A}.Release|Any CPU.ActiveCfg = Release|Any CPU
		{D7862C0A-C1F3-C3D8-B6C7-758C430D738A}.Release|Any CPU.Build.0 = Release|Any CPU
	EndGlobalSection
	GlobalSection(SolutionProperties) = preSolution
		HideSolutionNode = FALSE
	EndGlobalSection
EndGlobal
